
Microsoft Visual Studio Solution File, Format Version 12.00
# Visual Studio Version 17
VisualStudioVersion = 17.0.31903.59
MinimumVisualStudioVersion = 10.0.40219.1
Project("{2150E333-8FDC-42A3-9474-1A3956D46DE8}") = "src", "src", "{827E0CD3-B72D-47B6-A68D-7590B98EB39B}"
EndProject
Project("{FAE04EC0-301F-11D3-BF4B-00C04F79EFBC}") = "Apg.Domain", "src\Apg.Domain\Apg.Domain.csproj", "{79CCC3A5-6107-4B11-8951-386B1CE6E6FF}"
EndProject
Project("{FAE04EC0-301F-11D3-BF4B-00C04F79EFBC}") = "Apg.Api", "src\Apg.Api\Apg.Api.csproj", "{9A1500D1-88F4-497A-941C-E8885BB1ED18}"
EndProject
Project("{FAE04EC0-301F-11D3-BF4B-00C04F79EFBC}") = "Apg.Domain.Tests", "tests\Apg.Domain.Tests\Apg.Domain.Tests.csproj", "{AE63DBF7-B17D-4BEF-A7EA-E01EA5A086B1}"
EndProject
Project("{FAE04EC0-301F-11D3-BF4B-00C04F79EFBC}") = "Apg.Api.Tests", "tests\Apg.Api.Tests\Apg.Api.Tests.csproj", "{53AB83AB-6FD3-425F-AD0B-C06F0F199F42}"
EndProject
Global
	GlobalSection(SolutionConfigurationPlatforms) = preSolution
		Debug|Any CPU = Debug|Any CPU
		Debug|x64 = Debug|x64
		Debug|x86 = Debug|x86
		Release|Any CPU = Release|Any CPU
		Release|x64 = Release|x64
		Release|x86 = Release|x86
	EndGlobalSection
	GlobalSection(ProjectConfigurationPlatforms) = postSolution
		{79CCC3A5-6107-4B11-8951-386B1CE6E6FF}.Debug|Any CPU.ActiveCfg = Debug|Any CPU
		{79CCC3A5-6107-4B11-8951-386B1CE6E6FF}.Debug|Any CPU.Build.0 = Debug|Any CPU
		{79CCC3A5-6107-4B11-8951-386B1CE6E6FF}.Debug|x64.ActiveCfg = Debug|Any CPU
		{79CCC3A5-6107-4B11-8951-386B1CE6E6FF}.Debug|x64.Build.0 = Debug|Any CPU
		{79CCC3A5-6107-4B11-8951-386B1CE6E6FF}.Debug|x86.ActiveCfg = Debug|Any CPU
		{79CCC3A5-6107-4B11-8951-386B1CE6E6FF}.Debug|x86.Build.0 = Debug|Any CPU
		{79CCC3A5-6107-4B11-8951-386B1CE6E6FF}.Release|Any CPU.ActiveCfg = Release|Any CPU
		{79CCC3A5-6107-4B11-8951-386B1CE6E6FF}.Release|Any CPU.Build.0 = Release|Any CPU
		{79CCC3A5-6107-4B11-8951-386B1CE6E6FF}.Release|x64.ActiveCfg = Release|Any CPU
		{79CCC3A5-6107-4B11-8951-386B1CE6E6FF}.Release|x64.Build.0 = Release|Any CPU
		{79CCC3A5-6107-4B11-8951-386B1CE6E6FF}.Release|x86.ActiveCfg = Release|Any CPU
		{79CCC3A5-6107-4B11-8951-386B1CE6E6FF}.Release|x86.Build.0 = Release|Any CPU
		{9A1500D1-88F4-497A-941C-E8885BB1ED18}.Debug|Any CPU.ActiveCfg = Debug|Any CPU
		{9A1500D1-88F4-497A-941C-E8885BB1ED18}.Debug|Any CPU.Build.0 = Debug|Any CPU
		{9A1500D1-88F4-497A-941C-E8885BB1ED18}.Debug|x64.ActiveCfg = Debug|Any CPU
		{9A1500D1-88F4-497A-941C-E8885BB1ED18}.Debug|x64.Build.0 = Debug|Any CPU
		{9A1500D1-88F4-497A-941C-E8885BB1ED18}.Debug|x86.ActiveCfg = Debug|Any CPU
		{9A1500D1-88F4-497A-941C-E8885BB1ED18}.Debug|x86.Build.0 = Debug|Any CPU
		{9A1500D1-88F4-497A-941C-E8885BB1ED18}.Release|Any CPU.ActiveCfg = Release|Any CPU
		{9A1500D1-88F4-497A-941C-E8885BB1ED18}.Release|Any CPU.Build.0 = Release|Any CPU
		{9A1500D1-88F4-497A-941C-E8885BB1ED18}.Release|x64.ActiveCfg = Release|Any CPU
		{9A1500D1-88F4-497A-941C-E8885BB1ED18}.Release|x64.Build.0 = Release|Any CPU
		{9A1500D1-88F4-497A-941C-E8885BB1ED18}.Release|x86.ActiveCfg = Release|Any CPU
		{9A1500D1-88F4-497A-941C-E8885BB1ED18}.Release|x86.Build.0 = Release|Any CPU
		{AE63DBF7-B17D-4BEF-A7EA-E01EA5A086B1}.Debug|Any CPU.ActiveCfg = Debug|Any CPU
		{AE63DBF7-B17D-4BEF-A7EA-E01EA5A086B1}.Debug|Any CPU.Build.0 = Debug|Any CPU
		{AE63DBF7-B17D-4BEF-A7EA-E01EA5A086B1}.Debug|x64.ActiveCfg = Debug|Any CPU
		{AE63DBF7-B17D-4BEF-A7EA-E01EA5A086B1}.Debug|x64.Build.0 = Debug|Any CPU
		{AE63DBF7-B17D-4BEF-A7EA-E01EA5A086B1}.Debug|x86.ActiveCfg = Debug|Any CPU
		{AE63DBF7-B17D-4BEF-A7EA-E01EA5A086B1}.Debug|x86.Build.0 = Debug|Any CPU
		{AE63DBF7-B17D-4BEF-A7EA-E01EA5A086B1}.Release|Any CPU.ActiveCfg = Release|Any CPU
		{AE63DBF7-B17D-4BEF-A7EA-E01EA5A086B1}.Release|Any CPU.Build.0 = Release|Any CPU
		{AE63DBF7-B17D-4BEF-A7EA-E01EA5A086B1}.Release|x64.ActiveCfg = Release|Any CPU
		{AE63DBF7-B17D-4BEF-A7EA-E01EA5A086B1}.Release|x64.Build.0 = Release|Any CPU
		{AE63DBF7-B17D-4BEF-A7EA-E01EA5A086B1}.Release|x86.ActiveCfg = Release|Any CPU
		{AE63DBF7-B17D-4BEF-A7EA-E01EA5A086B1}.Release|x86.Build.0 = Release|Any CPU
		{53AB83AB-6FD3-425F-AD0B-C06F0F199F42}.Debug|Any CPU.ActiveCfg = Debug|Any CPU
		{53AB83AB-6FD3-425F-AD0B-C06F0F199F42}.Debug|Any CPU.Build.0 = Debug|Any CPU
		{53AB83AB-6FD3-425F-AD0B-C06F0F199F42}.Debug|x64.ActiveCfg = Debug|Any CPU
		{53AB83AB-6FD3-425F-AD0B-C06F0F199F42}.Debug|x64.Build.0 = Debug|Any CPU
		{53AB83AB-6FD3-425F-AD0B-C06F0F199F42}.Debug|x86.ActiveCfg = Debug|Any CPU
		{53AB83AB-6FD3-425F-AD0B-C06F0F199F42}.Debug|x86.Build.0 = Debug|Any CPU
		{53AB83AB-6FD3-425F-AD0B-C06F0F199F42}.Release|Any CPU.ActiveCfg = Release|Any CPU
		{53AB83AB-6FD3-425F-AD0B-C06F0F199F42}.Release|Any CPU.Build.0 = Release|Any CPU
		{53AB83AB-6FD3-425F-AD0B-C06F0F199F42}.Release|x64.ActiveCfg = Release|Any CPU
		{53AB83AB-6FD3-425F-AD0B-C06F0F199F42}.Release|x64.Build.0 = Release|Any CPU
		{53AB83AB-6FD3-425F-AD0B-C06F0F199F42}.Release|x86.ActiveCfg = Release|Any CPU
		{53AB83AB-6FD3-425F-AD0B-C06F0F199F42}.Release|x86.Build.0 = Release|Any CPU
	EndGlobalSection
	GlobalSection(SolutionProperties) = preSolution
		HideSolutionNode = FALSE
	EndGlobalSection
	GlobalSection(NestedProjects) = preSolution
		{79CCC3A5-6107-4B11-8951-386B1CE6E6FF} = {827E0CD3-B72D-47B6-A68D-7590B98EB39B}
		{9A1500D1-88F4-497A-941C-E8885BB1ED18} = {827E0CD3-B72D-47B6-A68D-7590B98EB39B}
		{AE63DBF7-B17D-4BEF-A7EA-E01EA5A086B1} = {827E0CD3-B72D-47B6-A68D-7590B98EB39B}
		{53AB83AB-6FD3-425F-AD0B-C06F0F199F42} = {827E0CD3-B72D-47B6-A68D-7590B98EB39B}
	EndGlobalSection
EndGlobal
